
Microsoft Visual Studio Solution File, Format Version 12.00
# Visual Studio 14
VisualStudioVersion = 14.0.25420.1
MinimumVisualStudioVersion = 10.0.40219.1
Project("{2150E333-8FDC-42A3-9474-1A3956D46DE8}") = "src", "src", "{32AFB98A-4D62-4393-A1EF-A91968404B24}"
EndProject
Project("{2150E333-8FDC-42A3-9474-1A3956D46DE8}") = "Solution Items", "Solution Items", "{9FFD40BE-D671-438C-9C1F-483B5C6489ED}"
	ProjectSection(SolutionItems) = preProject
		global.json = global.json
	EndProjectSection
EndProject
Project("{FAE04EC0-301F-11D3-BF4B-00C04F79EFBC}") = "Tests", "Tests\Tests.csproj", "{6D3A6FA4-2DFA-40CB-A090-CFB121705533}"
EndProject
Project("{FAE04EC0-301F-11D3-BF4B-00C04F79EFBC}") = "DataLoad", "DataLoad\DataLoad.csproj", "{568BE8E8-F5C8-4C3E-9351-8A4F1FC4F03F}"
EndProject
Global
	GlobalSection(SolutionConfigurationPlatforms) = preSolution
		Debug|Any CPU = Debug|Any CPU
		Release|Any CPU = Release|Any CPU
	EndGlobalSection
	GlobalSection(ProjectConfigurationPlatforms) = postSolution
		{6D3A6FA4-2DFA-40CB-A090-CFB121705533}.Debug|Any CPU.ActiveCfg = Debug|Any CPU
		{6D3A6FA4-2DFA-40CB-A090-CFB121705533}.Debug|Any CPU.Build.0 = Debug|Any CPU
		{6D3A6FA4-2DFA-40CB-A090-CFB121705533}.Release|Any CPU.ActiveCfg = Release|Any CPU
		{6D3A6FA4-2DFA-40CB-A090-CFB121705533}.Release|Any CPU.Build.0 = Release|Any CPU
		{568BE8E8-F5C8-4C3E-9351-8A4F1FC4F03F}.Debug|Any CPU.ActiveCfg = Debug|Any CPU
		{568BE8E8-F5C8-4C3E-9351-8A4F1FC4F03F}.Debug|Any CPU.Build.0 = Debug|Any CPU
		{568BE8E8-F5C8-4C3E-9351-8A4F1FC4F03F}.Release|Any CPU.ActiveCfg = Release|Any CPU
		{568BE8E8-F5C8-4C3E-9351-8A4F1FC4F03F}.Release|Any CPU.Build.0 = Release|Any CPU
	EndGlobalSection
	GlobalSection(SolutionProperties) = preSolution
		HideSolutionNode = FALSE
	EndGlobalSection
	GlobalSection(NestedProjects) = preSolution
		{6D3A6FA4-2DFA-40CB-A090-CFB121705533} = {32AFB98A-4D62-4393-A1EF-A91968404B24}
		{568BE8E8-F5C8-4C3E-9351-8A4F1FC4F03F} = {32AFB98A-4D62-4393-A1EF-A91968404B24}
	EndGlobalSection
EndGlobal
